// !$*UTF8*$!
{
	archiveVersion = 1;
	classes = {
	};
	objectVersion = 56;
	objects = {

/* Begin PBXBuildFile section */
		8F07CD10297E389C006CF78B /* URLSessionHTTPClientTests.swift in Sources */ = {isa = PBXBuildFile; fileRef = 8F07CD0F297E389C006CF78B /* URLSessionHTTPClientTests.swift */; };
		8F07CD13297E7566006CF78B /* XCTestCase+MemoryLeakTracking.swift in Sources */ = {isa = PBXBuildFile; fileRef = 8F07CD12297E7566006CF78B /* XCTestCase+MemoryLeakTracking.swift */; };
		8F07CD17297E8FFA006CF78B /* URLSessionHTTPClient.swift in Sources */ = {isa = PBXBuildFile; fileRef = 8F07CD16297E8FFA006CF78B /* URLSessionHTTPClient.swift */; };
		8F18BDFC298F39B7001187AB /* FeedCachePolicy.swift in Sources */ = {isa = PBXBuildFile; fileRef = 8F18BDFB298F39B7001187AB /* FeedCachePolicy.swift */; };
		8F3AFDBB297F718100BDF402 /* EssentialFeedAPIEndToEndTests.swift in Sources */ = {isa = PBXBuildFile; fileRef = 8F3AFDBA297F718100BDF402 /* EssentialFeedAPIEndToEndTests.swift */; };
		8F3AFDBC297F718100BDF402 /* EssentialFeed.framework in Frameworks */ = {isa = PBXBuildFile; fileRef = 8F9F4EAC28E982D30025930E /* EssentialFeed.framework */; };
		8F651FCA297D72CF00951DD5 /* HTTPClient.swift in Sources */ = {isa = PBXBuildFile; fileRef = 8F651FC9297D72CF00951DD5 /* HTTPClient.swift */; };
		8F651FCC297D732200951DD5 /* FeedItemMapper.swift in Sources */ = {isa = PBXBuildFile; fileRef = 8F651FCB297D732200951DD5 /* FeedItemMapper.swift */; };
		8F65F8DA28EB1635003D5B4F /* RemoteFeedLoader.swift in Sources */ = {isa = PBXBuildFile; fileRef = 8F65F8D928EB1635003D5B4F /* RemoteFeedLoader.swift */; };
		8F928E682981029200AEB02E /* README.md in Resources */ = {isa = PBXBuildFile; fileRef = 8F928E672981029200AEB02E /* README.md */; };
		8F99274E298363ED00782583 /* HTTPClientSpy.swift in Sources */ = {isa = PBXBuildFile; fileRef = 8F99274D298363ED00782583 /* HTTPClientSpy.swift */; };
		8F99274F2983653000782583 /* XCTestCase+MemoryLeakTracking.swift in Sources */ = {isa = PBXBuildFile; fileRef = 8F07CD12297E7566006CF78B /* XCTestCase+MemoryLeakTracking.swift */; };
		8F992751298365DD00782583 /* RemoteFeedLoaderTests+Helpers.swift in Sources */ = {isa = PBXBuildFile; fileRef = 8F992750298365DD00782583 /* RemoteFeedLoaderTests+Helpers.swift */; };
		8F99275329836F2800782583 /* URLSessionHTTPClientTests+Helpers.swift in Sources */ = {isa = PBXBuildFile; fileRef = 8F99275229836F2800782583 /* URLSessionHTTPClientTests+Helpers.swift */; };
		8F9F4EB528E982D30025930E /* EssentialFeed.framework in Frameworks */ = {isa = PBXBuildFile; fileRef = 8F9F4EAC28E982D30025930E /* EssentialFeed.framework */; };
		8F9F4EBB28E982D30025930E /* EssentialFeed.h in Headers */ = {isa = PBXBuildFile; fileRef = 8F9F4EAF28E982D30025930E /* EssentialFeed.h */; settings = {ATTRIBUTES = (Public, ); }; };
		8F9F4EC528E983190025930E /* FeedImage.swift in Sources */ = {isa = PBXBuildFile; fileRef = 8F9F4EC428E983190025930E /* FeedImage.swift */; };
		8F9F4EC728E9838F0025930E /* FeedLoader.swift in Sources */ = {isa = PBXBuildFile; fileRef = 8F9F4EC628E9838F0025930E /* FeedLoader.swift */; };
		8F9F4ECB28E98A980025930E /* LoadFeedFromRemoteUseCaseTests.swift in Sources */ = {isa = PBXBuildFile; fileRef = 8F9F4ECA28E98A980025930E /* LoadFeedFromRemoteUseCaseTests.swift */; };
		8FC12F2D298BEC6E00AD1076 /* LoadFeedFromCacheUseCaseTests.swift in Sources */ = {isa = PBXBuildFile; fileRef = 8FC12F2C298BEC6D00AD1076 /* LoadFeedFromCacheUseCaseTests.swift */; };
		8FC12F30298BEF1200AD1076 /* FeedStoreSpy.swift in Sources */ = {isa = PBXBuildFile; fileRef = 8FC12F2F298BEF1200AD1076 /* FeedStoreSpy.swift */; };
		8FC12F32298E327700AD1076 /* ValidateFeedCacheUseCaseTests.swift in Sources */ = {isa = PBXBuildFile; fileRef = 8FC12F31298E327700AD1076 /* ValidateFeedCacheUseCaseTests.swift */; };
		8FC12F34298E3B7A00AD1076 /* FeedCacheTestHelpers.swift in Sources */ = {isa = PBXBuildFile; fileRef = 8FC12F33298E3B7A00AD1076 /* FeedCacheTestHelpers.swift */; };
		8FC12F36298E3CB600AD1076 /* SharedTestHelpers.swift in Sources */ = {isa = PBXBuildFile; fileRef = 8FC12F35298E3CB600AD1076 /* SharedTestHelpers.swift */; };
		8FD8E73D298A48A100DD6F25 /* RemoteFeedItem.swift in Sources */ = {isa = PBXBuildFile; fileRef = 8FD8E73C298A48A100DD6F25 /* RemoteFeedItem.swift */; };
		8FD8E73F298A48D100DD6F25 /* LocalFeedImage.swift in Sources */ = {isa = PBXBuildFile; fileRef = 8FD8E73E298A48D100DD6F25 /* LocalFeedImage.swift */; };
		8FE98FA329896BE0000FCD6F /* LocalFeedLoader.swift in Sources */ = {isa = PBXBuildFile; fileRef = 8FE98FA229896BE0000FCD6F /* LocalFeedLoader.swift */; };
		8FE98FA529896C8E000FCD6F /* FeedStore.swift in Sources */ = {isa = PBXBuildFile; fileRef = 8FE98FA429896C8E000FCD6F /* FeedStore.swift */; };
		8FED7D8E2983C38600A4EDAA /* CacheFeedUseCaseTests.swift in Sources */ = {isa = PBXBuildFile; fileRef = 8FED7D8D2983C38600A4EDAA /* CacheFeedUseCaseTests.swift */; };
/* End PBXBuildFile section */

/* Begin PBXContainerItemProxy section */
		8F3AFDBD297F718100BDF402 /* PBXContainerItemProxy */ = {
			isa = PBXContainerItemProxy;
			containerPortal = 8F9F4EA328E982D30025930E /* Project object */;
			proxyType = 1;
			remoteGlobalIDString = 8F9F4EAB28E982D30025930E;
			remoteInfo = EssentialFeed;
		};
		8F9F4EB628E982D30025930E /* PBXContainerItemProxy */ = {
			isa = PBXContainerItemProxy;
			containerPortal = 8F9F4EA328E982D30025930E /* Project object */;
			proxyType = 1;
			remoteGlobalIDString = 8F9F4EAB28E982D30025930E;
			remoteInfo = EssentialFeed;
		};
/* End PBXContainerItemProxy section */

/* Begin PBXFileReference section */
		8F07CD0F297E389C006CF78B /* URLSessionHTTPClientTests.swift */ = {isa = PBXFileReference; lastKnownFileType = sourcecode.swift; path = URLSessionHTTPClientTests.swift; sourceTree = "<group>"; };
		8F07CD12297E7566006CF78B /* XCTestCase+MemoryLeakTracking.swift */ = {isa = PBXFileReference; lastKnownFileType = sourcecode.swift; path = "XCTestCase+MemoryLeakTracking.swift"; sourceTree = "<group>"; };
		8F07CD16297E8FFA006CF78B /* URLSessionHTTPClient.swift */ = {isa = PBXFileReference; lastKnownFileType = sourcecode.swift; path = URLSessionHTTPClient.swift; sourceTree = "<group>"; };
		8F18BDFB298F39B7001187AB /* FeedCachePolicy.swift */ = {isa = PBXFileReference; lastKnownFileType = sourcecode.swift; path = FeedCachePolicy.swift; sourceTree = "<group>"; };
		8F18BDFE298F5439001187AB /* FeedStore Implementation Requirements.md */ = {isa = PBXFileReference; lastKnownFileType = net.daringfireball.markdown; path = "FeedStore Implementation Requirements.md"; sourceTree = "<group>"; };
		8F3AFDB8297F718100BDF402 /* EssentialFeedAPIEndToEndTests.xctest */ = {isa = PBXFileReference; explicitFileType = wrapper.cfbundle; includeInIndex = 0; path = EssentialFeedAPIEndToEndTests.xctest; sourceTree = BUILT_PRODUCTS_DIR; };
		8F3AFDBA297F718100BDF402 /* EssentialFeedAPIEndToEndTests.swift */ = {isa = PBXFileReference; lastKnownFileType = sourcecode.swift; path = EssentialFeedAPIEndToEndTests.swift; sourceTree = "<group>"; };
		8F651FC9297D72CF00951DD5 /* HTTPClient.swift */ = {isa = PBXFileReference; lastKnownFileType = sourcecode.swift; path = HTTPClient.swift; sourceTree = "<group>"; };
		8F651FCB297D732200951DD5 /* FeedItemMapper.swift */ = {isa = PBXFileReference; lastKnownFileType = sourcecode.swift; path = FeedItemMapper.swift; sourceTree = "<group>"; };
		8F65F8D928EB1635003D5B4F /* RemoteFeedLoader.swift */ = {isa = PBXFileReference; lastKnownFileType = sourcecode.swift; path = RemoteFeedLoader.swift; sourceTree = "<group>"; };
		8F928E672981029200AEB02E /* README.md */ = {isa = PBXFileReference; fileEncoding = 4; lastKnownFileType = net.daringfireball.markdown; path = README.md; sourceTree = "<group>"; };
		8F99274D298363ED00782583 /* HTTPClientSpy.swift */ = {isa = PBXFileReference; indentWidth = 4; lastKnownFileType = sourcecode.swift; path = HTTPClientSpy.swift; sourceTree = "<group>"; };
		8F992750298365DD00782583 /* RemoteFeedLoaderTests+Helpers.swift */ = {isa = PBXFileReference; lastKnownFileType = sourcecode.swift; path = "RemoteFeedLoaderTests+Helpers.swift"; sourceTree = "<group>"; };
		8F99275229836F2800782583 /* URLSessionHTTPClientTests+Helpers.swift */ = {isa = PBXFileReference; lastKnownFileType = sourcecode.swift; path = "URLSessionHTTPClientTests+Helpers.swift"; sourceTree = "<group>"; };
		8F9F4EAC28E982D30025930E /* EssentialFeed.framework */ = {isa = PBXFileReference; explicitFileType = wrapper.framework; includeInIndex = 0; path = EssentialFeed.framework; sourceTree = BUILT_PRODUCTS_DIR; };
		8F9F4EAF28E982D30025930E /* EssentialFeed.h */ = {isa = PBXFileReference; lastKnownFileType = sourcecode.c.h; path = EssentialFeed.h; sourceTree = "<group>"; };
		8F9F4EB428E982D30025930E /* EssentialFeedTests.xctest */ = {isa = PBXFileReference; explicitFileType = wrapper.cfbundle; includeInIndex = 0; path = EssentialFeedTests.xctest; sourceTree = BUILT_PRODUCTS_DIR; };
		8F9F4EC428E983190025930E /* FeedImage.swift */ = {isa = PBXFileReference; lastKnownFileType = sourcecode.swift; path = FeedImage.swift; sourceTree = "<group>"; };
		8F9F4EC628E9838F0025930E /* FeedLoader.swift */ = {isa = PBXFileReference; lastKnownFileType = sourcecode.swift; path = FeedLoader.swift; sourceTree = "<group>"; };
		8F9F4ECA28E98A980025930E /* LoadFeedFromRemoteUseCaseTests.swift */ = {isa = PBXFileReference; lastKnownFileType = sourcecode.swift; path = LoadFeedFromRemoteUseCaseTests.swift; sourceTree = "<group>"; };
		8FC12F2C298BEC6D00AD1076 /* LoadFeedFromCacheUseCaseTests.swift */ = {isa = PBXFileReference; lastKnownFileType = sourcecode.swift; path = LoadFeedFromCacheUseCaseTests.swift; sourceTree = "<group>"; };
		8FC12F2F298BEF1200AD1076 /* FeedStoreSpy.swift */ = {isa = PBXFileReference; lastKnownFileType = sourcecode.swift; path = FeedStoreSpy.swift; sourceTree = "<group>"; };
		8FC12F31298E327700AD1076 /* ValidateFeedCacheUseCaseTests.swift */ = {isa = PBXFileReference; lastKnownFileType = sourcecode.swift; path = ValidateFeedCacheUseCaseTests.swift; sourceTree = "<group>"; };
		8FC12F33298E3B7A00AD1076 /* FeedCacheTestHelpers.swift */ = {isa = PBXFileReference; lastKnownFileType = sourcecode.swift; path = FeedCacheTestHelpers.swift; sourceTree = "<group>"; };
		8FC12F35298E3CB600AD1076 /* SharedTestHelpers.swift */ = {isa = PBXFileReference; lastKnownFileType = sourcecode.swift; path = SharedTestHelpers.swift; sourceTree = "<group>"; };
		8FD8E73C298A48A100DD6F25 /* RemoteFeedItem.swift */ = {isa = PBXFileReference; lastKnownFileType = sourcecode.swift; path = RemoteFeedItem.swift; sourceTree = "<group>"; };
		8FD8E73E298A48D100DD6F25 /* LocalFeedImage.swift */ = {isa = PBXFileReference; lastKnownFileType = sourcecode.swift; path = LocalFeedImage.swift; sourceTree = "<group>"; };
		8FE98FA229896BE0000FCD6F /* LocalFeedLoader.swift */ = {isa = PBXFileReference; lastKnownFileType = sourcecode.swift; path = LocalFeedLoader.swift; sourceTree = "<group>"; };
		8FE98FA429896C8E000FCD6F /* FeedStore.swift */ = {isa = PBXFileReference; lastKnownFileType = sourcecode.swift; path = FeedStore.swift; sourceTree = "<group>"; };
		8FED7D8D2983C38600A4EDAA /* CacheFeedUseCaseTests.swift */ = {isa = PBXFileReference; lastKnownFileType = sourcecode.swift; path = CacheFeedUseCaseTests.swift; sourceTree = "<group>"; };
/* End PBXFileReference section */

/* Begin PBXFrameworksBuildPhase section */
		8F3AFDB5297F718100BDF402 /* Frameworks */ = {
			isa = PBXFrameworksBuildPhase;
			buildActionMask = 2147483647;
			files = (
				8F3AFDBC297F718100BDF402 /* EssentialFeed.framework in Frameworks */,
			);
			runOnlyForDeploymentPostprocessing = 0;
		};
		8F9F4EA928E982D30025930E /* Frameworks */ = {
			isa = PBXFrameworksBuildPhase;
			buildActionMask = 2147483647;
			files = (
			);
			runOnlyForDeploymentPostprocessing = 0;
		};
		8F9F4EB128E982D30025930E /* Frameworks */ = {
			isa = PBXFrameworksBuildPhase;
			buildActionMask = 2147483647;
			files = (
				8F9F4EB528E982D30025930E /* EssentialFeed.framework in Frameworks */,
			);
			runOnlyForDeploymentPostprocessing = 0;
		};
/* End PBXFrameworksBuildPhase section */

/* Begin PBXGroup section */
		8F07CD11297E7528006CF78B /* Helpers */ = {
			isa = PBXGroup;
			children = (
				8F99274D298363ED00782583 /* HTTPClientSpy.swift */,
				8F07CD12297E7566006CF78B /* XCTestCase+MemoryLeakTracking.swift */,
				8F992750298365DD00782583 /* RemoteFeedLoaderTests+Helpers.swift */,
				8F99275229836F2800782583 /* URLSessionHTTPClientTests+Helpers.swift */,
				8FC12F35298E3CB600AD1076 /* SharedTestHelpers.swift */,
			);
			path = Helpers;
			sourceTree = "<group>";
		};
		8F3AFDB9297F718100BDF402 /* EssentialFeedAPIEndToEndTests */ = {
			isa = PBXGroup;
			children = (
				8F3AFDBA297F718100BDF402 /* EssentialFeedAPIEndToEndTests.swift */,
			);
			path = EssentialFeedAPIEndToEndTests;
			sourceTree = "<group>";
		};
		8F651FCD297D7BDD00951DD5 /* Feed API */ = {
			isa = PBXGroup;
			children = (
				8F9F4ECA28E98A980025930E /* LoadFeedFromRemoteUseCaseTests.swift */,
				8F07CD0F297E389C006CF78B /* URLSessionHTTPClientTests.swift */,
			);
			path = "Feed API";
			sourceTree = "<group>";
		};
		8F65F8D828EB1620003D5B4F /* Feed API */ = {
			isa = PBXGroup;
			children = (
				8F65F8D928EB1635003D5B4F /* RemoteFeedLoader.swift */,
				8F651FCB297D732200951DD5 /* FeedItemMapper.swift */,
				8FD8E73C298A48A100DD6F25 /* RemoteFeedItem.swift */,
				8F651FC9297D72CF00951DD5 /* HTTPClient.swift */,
				8F07CD16297E8FFA006CF78B /* URLSessionHTTPClient.swift */,
			);
			path = "Feed API";
			sourceTree = "<group>";
		};
		8F9F4EA228E982D30025930E = {
			isa = PBXGroup;
			children = (
				8F928E672981029200AEB02E /* README.md */,
				8F18BDFE298F5439001187AB /* FeedStore Implementation Requirements.md */,
				8F9F4EAE28E982D30025930E /* EssentialFeed */,
				8F9F4EB828E982D30025930E /* EssentialFeedTests */,
				8F3AFDB9297F718100BDF402 /* EssentialFeedAPIEndToEndTests */,
				8F9F4EAD28E982D30025930E /* Products */,
			);
			sourceTree = "<group>";
		};
		8F9F4EAD28E982D30025930E /* Products */ = {
			isa = PBXGroup;
			children = (
				8F9F4EAC28E982D30025930E /* EssentialFeed.framework */,
				8F9F4EB428E982D30025930E /* EssentialFeedTests.xctest */,
				8F3AFDB8297F718100BDF402 /* EssentialFeedAPIEndToEndTests.xctest */,
			);
			name = Products;
			sourceTree = "<group>";
		};
		8F9F4EAE28E982D30025930E /* EssentialFeed */ = {
			isa = PBXGroup;
			children = (
				8FE98FA129896BCF000FCD6F /* Feed Cache */,
				8F9F4EAF28E982D30025930E /* EssentialFeed.h */,
				8F9F4EC928E984880025930E /* Feed Feature */,
				8F65F8D828EB1620003D5B4F /* Feed API */,
			);
			path = EssentialFeed;
			sourceTree = "<group>";
		};
		8F9F4EB828E982D30025930E /* EssentialFeedTests */ = {
			isa = PBXGroup;
			children = (
				8F07CD11297E7528006CF78B /* Helpers */,
				8FED7D8C2983C36800A4EDAA /* Feed Cache */,
				8F651FCD297D7BDD00951DD5 /* Feed API */,
			);
			path = EssentialFeedTests;
			sourceTree = "<group>";
		};
		8F9F4EC928E984880025930E /* Feed Feature */ = {
			isa = PBXGroup;
			children = (
				8F9F4EC428E983190025930E /* FeedImage.swift */,
				8F9F4EC628E9838F0025930E /* FeedLoader.swift */,
			);
			path = "Feed Feature";
			sourceTree = "<group>";
		};
		8FC12F2E298BEEF900AD1076 /* Helpers */ = {
			isa = PBXGroup;
			children = (
				8FC12F2F298BEF1200AD1076 /* FeedStoreSpy.swift */,
				8FC12F33298E3B7A00AD1076 /* FeedCacheTestHelpers.swift */,
			);
			path = Helpers;
			sourceTree = "<group>";
		};
		8FE98FA129896BCF000FCD6F /* Feed Cache */ = {
			isa = PBXGroup;
			children = (
				8FE98FA229896BE0000FCD6F /* LocalFeedLoader.swift */,
				8FE98FA429896C8E000FCD6F /* FeedStore.swift */,
				8FD8E73E298A48D100DD6F25 /* LocalFeedImage.swift */,
				8F18BDFB298F39B7001187AB /* FeedCachePolicy.swift */,
			);
			path = "Feed Cache";
			sourceTree = "<group>";
		};
		8FED7D8C2983C36800A4EDAA /* Feed Cache */ = {
			isa = PBXGroup;
			children = (
				8FC12F2E298BEEF900AD1076 /* Helpers */,
				8FED7D8D2983C38600A4EDAA /* CacheFeedUseCaseTests.swift */,
				8FC12F2C298BEC6D00AD1076 /* LoadFeedFromCacheUseCaseTests.swift */,
				8FC12F31298E327700AD1076 /* ValidateFeedCacheUseCaseTests.swift */,
			);
			path = "Feed Cache";
			sourceTree = "<group>";
		};
/* End PBXGroup section */

/* Begin PBXHeadersBuildPhase section */
		8F9F4EA728E982D30025930E /* Headers */ = {
			isa = PBXHeadersBuildPhase;
			buildActionMask = 2147483647;
			files = (
				8F9F4EBB28E982D30025930E /* EssentialFeed.h in Headers */,
			);
			runOnlyForDeploymentPostprocessing = 0;
		};
/* End PBXHeadersBuildPhase section */

/* Begin PBXNativeTarget section */
		8F3AFDB7297F718100BDF402 /* EssentialFeedAPIEndToEndTests */ = {
			isa = PBXNativeTarget;
			buildConfigurationList = 8F3AFDC1297F718100BDF402 /* Build configuration list for PBXNativeTarget "EssentialFeedAPIEndToEndTests" */;
			buildPhases = (
				8F3AFDB4297F718100BDF402 /* Sources */,
				8F3AFDB5297F718100BDF402 /* Frameworks */,
				8F3AFDB6297F718100BDF402 /* Resources */,
			);
			buildRules = (
			);
			dependencies = (
				8F3AFDBE297F718100BDF402 /* PBXTargetDependency */,
			);
			name = EssentialFeedAPIEndToEndTests;
			productName = EssentialFeedAPIEndToEndTests;
			productReference = 8F3AFDB8297F718100BDF402 /* EssentialFeedAPIEndToEndTests.xctest */;
			productType = "com.apple.product-type.bundle.unit-test";
		};
		8F9F4EAB28E982D30025930E /* EssentialFeed */ = {
			isa = PBXNativeTarget;
			buildConfigurationList = 8F9F4EBE28E982D30025930E /* Build configuration list for PBXNativeTarget "EssentialFeed" */;
			buildPhases = (
				8F9F4EA728E982D30025930E /* Headers */,
				8F9F4EA828E982D30025930E /* Sources */,
				8F9F4EA928E982D30025930E /* Frameworks */,
				8F9F4EAA28E982D30025930E /* Resources */,
			);
			buildRules = (
			);
			dependencies = (
			);
			name = EssentialFeed;
			productName = EssentialFeed;
			productReference = 8F9F4EAC28E982D30025930E /* EssentialFeed.framework */;
			productType = "com.apple.product-type.framework";
		};
		8F9F4EB328E982D30025930E /* EssentialFeedTests */ = {
			isa = PBXNativeTarget;
			buildConfigurationList = 8F9F4EC128E982D30025930E /* Build configuration list for PBXNativeTarget "EssentialFeedTests" */;
			buildPhases = (
				8F9F4EB028E982D30025930E /* Sources */,
				8F9F4EB128E982D30025930E /* Frameworks */,
				8F9F4EB228E982D30025930E /* Resources */,
			);
			buildRules = (
			);
			dependencies = (
				8F9F4EB728E982D30025930E /* PBXTargetDependency */,
			);
			name = EssentialFeedTests;
			productName = EssentialFeedTests;
			productReference = 8F9F4EB428E982D30025930E /* EssentialFeedTests.xctest */;
			productType = "com.apple.product-type.bundle.unit-test";
		};
/* End PBXNativeTarget section */

/* Begin PBXProject section */
		8F9F4EA328E982D30025930E /* Project object */ = {
			isa = PBXProject;
			attributes = {
				BuildIndependentTargetsInParallel = 1;
				LastSwiftUpdateCheck = 1420;
				LastUpgradeCheck = 1400;
				TargetAttributes = {
					8F3AFDB7297F718100BDF402 = {
						CreatedOnToolsVersion = 14.2;
					};
					8F9F4EAB28E982D30025930E = {
						CreatedOnToolsVersion = 14.0;
						LastSwiftMigration = 1400;
					};
					8F9F4EB328E982D30025930E = {
						CreatedOnToolsVersion = 14.0;
						LastSwiftMigration = 1400;
					};
				};
			};
			buildConfigurationList = 8F9F4EA628E982D30025930E /* Build configuration list for PBXProject "EssentialFeed" */;
			compatibilityVersion = "Xcode 14.0";
			developmentRegion = en;
			hasScannedForEncodings = 0;
			knownRegions = (
				en,
				Base,
			);
			mainGroup = 8F9F4EA228E982D30025930E;
			productRefGroup = 8F9F4EAD28E982D30025930E /* Products */;
			projectDirPath = "";
			projectRoot = "";
			targets = (
				8F9F4EAB28E982D30025930E /* EssentialFeed */,
				8F9F4EB328E982D30025930E /* EssentialFeedTests */,
				8F3AFDB7297F718100BDF402 /* EssentialFeedAPIEndToEndTests */,
			);
		};
/* End PBXProject section */

/* Begin PBXResourcesBuildPhase section */
		8F3AFDB6297F718100BDF402 /* Resources */ = {
			isa = PBXResourcesBuildPhase;
			buildActionMask = 2147483647;
			files = (
			);
			runOnlyForDeploymentPostprocessing = 0;
		};
		8F9F4EAA28E982D30025930E /* Resources */ = {
			isa = PBXResourcesBuildPhase;
			buildActionMask = 2147483647;
			files = (
				8F928E682981029200AEB02E /* README.md in Resources */,
			);
			runOnlyForDeploymentPostprocessing = 0;
		};
		8F9F4EB228E982D30025930E /* Resources */ = {
			isa = PBXResourcesBuildPhase;
			buildActionMask = 2147483647;
			files = (
			);
			runOnlyForDeploymentPostprocessing = 0;
		};
/* End PBXResourcesBuildPhase section */

/* Begin PBXSourcesBuildPhase section */
		8F3AFDB4297F718100BDF402 /* Sources */ = {
			isa = PBXSourcesBuildPhase;
			buildActionMask = 2147483647;
			files = (
				8F3AFDBB297F718100BDF402 /* EssentialFeedAPIEndToEndTests.swift in Sources */,
				8F99274F2983653000782583 /* XCTestCase+MemoryLeakTracking.swift in Sources */,
			);
			runOnlyForDeploymentPostprocessing = 0;
		};
		8F9F4EA828E982D30025930E /* Sources */ = {
			isa = PBXSourcesBuildPhase;
			buildActionMask = 2147483647;
			files = (
				8F9F4EC728E9838F0025930E /* FeedLoader.swift in Sources */,
				8F651FCC297D732200951DD5 /* FeedItemMapper.swift in Sources */,
				8FD8E73D298A48A100DD6F25 /* RemoteFeedItem.swift in Sources */,
				8F18BDFC298F39B7001187AB /* FeedCachePolicy.swift in Sources */,
				8F65F8DA28EB1635003D5B4F /* RemoteFeedLoader.swift in Sources */,
				8FD8E73F298A48D100DD6F25 /* LocalFeedImage.swift in Sources */,
				8FE98FA529896C8E000FCD6F /* FeedStore.swift in Sources */,
				8FE98FA329896BE0000FCD6F /* LocalFeedLoader.swift in Sources */,
				8F651FCA297D72CF00951DD5 /* HTTPClient.swift in Sources */,
				8F9F4EC528E983190025930E /* FeedImage.swift in Sources */,
				8F07CD17297E8FFA006CF78B /* URLSessionHTTPClient.swift in Sources */,
			);
			runOnlyForDeploymentPostprocessing = 0;
		};
		8F9F4EB028E982D30025930E /* Sources */ = {
			isa = PBXSourcesBuildPhase;
			buildActionMask = 2147483647;
			files = (
				8FC12F32298E327700AD1076 /* ValidateFeedCacheUseCaseTests.swift in Sources */,
				8F9F4ECB28E98A980025930E /* LoadFeedFromRemoteUseCaseTests.swift in Sources */,
				8F99274E298363ED00782583 /* HTTPClientSpy.swift in Sources */,
				8F992751298365DD00782583 /* RemoteFeedLoaderTests+Helpers.swift in Sources */,
				8F99275329836F2800782583 /* URLSessionHTTPClientTests+Helpers.swift in Sources */,
				8F07CD10297E389C006CF78B /* URLSessionHTTPClientTests.swift in Sources */,
				8FC12F34298E3B7A00AD1076 /* FeedCacheTestHelpers.swift in Sources */,
				8F07CD13297E7566006CF78B /* XCTestCase+MemoryLeakTracking.swift in Sources */,
				8FC12F36298E3CB600AD1076 /* SharedTestHelpers.swift in Sources */,
				8FC12F2D298BEC6E00AD1076 /* LoadFeedFromCacheUseCaseTests.swift in Sources */,
				8FED7D8E2983C38600A4EDAA /* CacheFeedUseCaseTests.swift in Sources */,
				8FC12F30298BEF1200AD1076 /* FeedStoreSpy.swift in Sources */,
			);
			runOnlyForDeploymentPostprocessing = 0;
		};
/* End PBXSourcesBuildPhase section */

/* Begin PBXTargetDependency section */
		8F3AFDBE297F718100BDF402 /* PBXTargetDependency */ = {
			isa = PBXTargetDependency;
			target = 8F9F4EAB28E982D30025930E /* EssentialFeed */;
			targetProxy = 8F3AFDBD297F718100BDF402 /* PBXContainerItemProxy */;
		};
		8F9F4EB728E982D30025930E /* PBXTargetDependency */ = {
			isa = PBXTargetDependency;
			target = 8F9F4EAB28E982D30025930E /* EssentialFeed */;
			targetProxy = 8F9F4EB628E982D30025930E /* PBXContainerItemProxy */;
		};
/* End PBXTargetDependency section */

/* Begin XCBuildConfiguration section */
		8F3AFDBF297F718100BDF402 /* Debug */ = {
			isa = XCBuildConfiguration;
			buildSettings = {
				CODE_SIGN_STYLE = Automatic;
				CURRENT_PROJECT_VERSION = 1;
				GENERATE_INFOPLIST_FILE = YES;
				MACOSX_DEPLOYMENT_TARGET = 12.6;
				MARKETING_VERSION = 1.0;
				PRODUCT_BUNDLE_IDENTIFIER = com.jasonou.EssentialFeedAPIEndToEndTests;
				PRODUCT_NAME = "$(TARGET_NAME)";
				SWIFT_EMIT_LOC_STRINGS = NO;
				SWIFT_VERSION = 5.0;
			};
			name = Debug;
		};
		8F3AFDC0297F718100BDF402 /* Release */ = {
			isa = XCBuildConfiguration;
			buildSettings = {
				CODE_SIGN_STYLE = Automatic;
				CURRENT_PROJECT_VERSION = 1;
				GENERATE_INFOPLIST_FILE = YES;
				MACOSX_DEPLOYMENT_TARGET = 12.6;
				MARKETING_VERSION = 1.0;
				PRODUCT_BUNDLE_IDENTIFIER = com.jasonou.EssentialFeedAPIEndToEndTests;
				PRODUCT_NAME = "$(TARGET_NAME)";
				SWIFT_EMIT_LOC_STRINGS = NO;
				SWIFT_VERSION = 5.0;
			};
			name = Release;
		};
		8F9F4EBC28E982D30025930E /* Debug */ = {
			isa = XCBuildConfiguration;
			buildSettings = {
				ALWAYS_SEARCH_USER_PATHS = NO;
				CLANG_ANALYZER_NONNULL = YES;
				CLANG_ANALYZER_NUMBER_OBJECT_CONVERSION = YES_AGGRESSIVE;
				CLANG_CXX_LANGUAGE_STANDARD = "gnu++20";
				CLANG_ENABLE_MODULES = YES;
				CLANG_ENABLE_OBJC_ARC = YES;
				CLANG_ENABLE_OBJC_WEAK = YES;
				CLANG_WARN_BLOCK_CAPTURE_AUTORELEASING = YES;
				CLANG_WARN_BOOL_CONVERSION = YES;
				CLANG_WARN_COMMA = YES;
				CLANG_WARN_CONSTANT_CONVERSION = YES;
				CLANG_WARN_DEPRECATED_OBJC_IMPLEMENTATIONS = YES;
				CLANG_WARN_DIRECT_OBJC_ISA_USAGE = YES_ERROR;
				CLANG_WARN_DOCUMENTATION_COMMENTS = YES;
				CLANG_WARN_EMPTY_BODY = YES;
				CLANG_WARN_ENUM_CONVERSION = YES;
				CLANG_WARN_INFINITE_RECURSION = YES;
				CLANG_WARN_INT_CONVERSION = YES;
				CLANG_WARN_NON_LITERAL_NULL_CONVERSION = YES;
				CLANG_WARN_OBJC_IMPLICIT_RETAIN_SELF = YES;
				CLANG_WARN_OBJC_LITERAL_CONVERSION = YES;
				CLANG_WARN_OBJC_ROOT_CLASS = YES_ERROR;
				CLANG_WARN_QUOTED_INCLUDE_IN_FRAMEWORK_HEADER = YES;
				CLANG_WARN_RANGE_LOOP_ANALYSIS = YES;
				CLANG_WARN_STRICT_PROTOTYPES = YES;
				CLANG_WARN_SUSPICIOUS_MOVE = YES;
				CLANG_WARN_UNGUARDED_AVAILABILITY = YES_AGGRESSIVE;
				CLANG_WARN_UNREACHABLE_CODE = YES;
				CLANG_WARN__DUPLICATE_METHOD_MATCH = YES;
				COPY_PHASE_STRIP = NO;
				CURRENT_PROJECT_VERSION = 1;
				DEBUG_INFORMATION_FORMAT = dwarf;
				ENABLE_STRICT_OBJC_MSGSEND = YES;
				ENABLE_TESTABILITY = YES;
				GCC_C_LANGUAGE_STANDARD = gnu11;
				GCC_DYNAMIC_NO_PIC = NO;
				GCC_NO_COMMON_BLOCKS = YES;
				GCC_OPTIMIZATION_LEVEL = 0;
				GCC_PREPROCESSOR_DEFINITIONS = (
					"DEBUG=1",
					"$(inherited)",
				);
				GCC_WARN_64_TO_32_BIT_CONVERSION = YES;
				GCC_WARN_ABOUT_RETURN_TYPE = YES_ERROR;
				GCC_WARN_UNDECLARED_SELECTOR = YES;
				GCC_WARN_UNINITIALIZED_AUTOS = YES_AGGRESSIVE;
				GCC_WARN_UNUSED_FUNCTION = YES;
				GCC_WARN_UNUSED_VARIABLE = YES;
				MACOSX_DEPLOYMENT_TARGET = 12.3;
				MTL_ENABLE_DEBUG_INFO = INCLUDE_SOURCE;
				MTL_FAST_MATH = YES;
				ONLY_ACTIVE_ARCH = YES;
				SDKROOT = macosx;
				SWIFT_ACTIVE_COMPILATION_CONDITIONS = DEBUG;
				SWIFT_OPTIMIZATION_LEVEL = "-Onone";
				VERSIONING_SYSTEM = "apple-generic";
				VERSION_INFO_PREFIX = "";
			};
			name = Debug;
		};
		8F9F4EBD28E982D30025930E /* Release */ = {
			isa = XCBuildConfiguration;
			buildSettings = {
				ALWAYS_SEARCH_USER_PATHS = NO;
				CLANG_ANALYZER_NONNULL = YES;
				CLANG_ANALYZER_NUMBER_OBJECT_CONVERSION = YES_AGGRESSIVE;
				CLANG_CXX_LANGUAGE_STANDARD = "gnu++20";
				CLANG_ENABLE_MODULES = YES;
				CLANG_ENABLE_OBJC_ARC = YES;
				CLANG_ENABLE_OBJC_WEAK = YES;
				CLANG_WARN_BLOCK_CAPTURE_AUTORELEASING = YES;
				CLANG_WARN_BOOL_CONVERSION = YES;
				CLANG_WARN_COMMA = YES;
				CLANG_WARN_CONSTANT_CONVERSION = YES;
				CLANG_WARN_DEPRECATED_OBJC_IMPLEMENTATIONS = YES;
				CLANG_WARN_DIRECT_OBJC_ISA_USAGE = YES_ERROR;
				CLANG_WARN_DOCUMENTATION_COMMENTS = YES;
				CLANG_WARN_EMPTY_BODY = YES;
				CLANG_WARN_ENUM_CONVERSION = YES;
				CLANG_WARN_INFINITE_RECURSION = YES;
				CLANG_WARN_INT_CONVERSION = YES;
				CLANG_WARN_NON_LITERAL_NULL_CONVERSION = YES;
				CLANG_WARN_OBJC_IMPLICIT_RETAIN_SELF = YES;
				CLANG_WARN_OBJC_LITERAL_CONVERSION = YES;
				CLANG_WARN_OBJC_ROOT_CLASS = YES_ERROR;
				CLANG_WARN_QUOTED_INCLUDE_IN_FRAMEWORK_HEADER = YES;
				CLANG_WARN_RANGE_LOOP_ANALYSIS = YES;
				CLANG_WARN_STRICT_PROTOTYPES = YES;
				CLANG_WARN_SUSPICIOUS_MOVE = YES;
				CLANG_WARN_UNGUARDED_AVAILABILITY = YES_AGGRESSIVE;
				CLANG_WARN_UNREACHABLE_CODE = YES;
				CLANG_WARN__DUPLICATE_METHOD_MATCH = YES;
				COPY_PHASE_STRIP = NO;
				CURRENT_PROJECT_VERSION = 1;
				DEBUG_INFORMATION_FORMAT = "dwarf-with-dsym";
				ENABLE_NS_ASSERTIONS = NO;
				ENABLE_STRICT_OBJC_MSGSEND = YES;
				GCC_C_LANGUAGE_STANDARD = gnu11;
				GCC_NO_COMMON_BLOCKS = YES;
				GCC_WARN_64_TO_32_BIT_CONVERSION = YES;
				GCC_WARN_ABOUT_RETURN_TYPE = YES_ERROR;
				GCC_WARN_UNDECLARED_SELECTOR = YES;
				GCC_WARN_UNINITIALIZED_AUTOS = YES_AGGRESSIVE;
				GCC_WARN_UNUSED_FUNCTION = YES;
				GCC_WARN_UNUSED_VARIABLE = YES;
				MACOSX_DEPLOYMENT_TARGET = 12.3;
				MTL_ENABLE_DEBUG_INFO = NO;
				MTL_FAST_MATH = YES;
				SDKROOT = macosx;
				SWIFT_COMPILATION_MODE = wholemodule;
				SWIFT_OPTIMIZATION_LEVEL = "-O";
				VERSIONING_SYSTEM = "apple-generic";
				VERSION_INFO_PREFIX = "";
			};
			name = Release;
		};
		8F9F4EBF28E982D30025930E /* Debug */ = {
			isa = XCBuildConfiguration;
			buildSettings = {
				CLANG_ENABLE_MODULES = YES;
				CODE_SIGN_STYLE = Automatic;
				COMBINE_HIDPI_IMAGES = YES;
				CURRENT_PROJECT_VERSION = 1;
				DEFINES_MODULE = YES;
				DYLIB_COMPATIBILITY_VERSION = 1;
				DYLIB_CURRENT_VERSION = 1;
				DYLIB_INSTALL_NAME_BASE = "@rpath";
				GENERATE_INFOPLIST_FILE = YES;
				INFOPLIST_KEY_NSHumanReadableCopyright = "";
				INSTALL_PATH = "$(LOCAL_LIBRARY_DIR)/Frameworks";
				LD_RUNPATH_SEARCH_PATHS = (
					"$(inherited)",
					"@executable_path/../Frameworks",
					"@loader_path/Frameworks",
				);
				MARKETING_VERSION = 1.0;
				PRODUCT_BUNDLE_IDENTIFIER = com.jasonou.EssentialFeed;
				PRODUCT_NAME = "$(TARGET_NAME:c99extidentifier)";
				SKIP_INSTALL = YES;
				SWIFT_EMIT_LOC_STRINGS = YES;
				SWIFT_OPTIMIZATION_LEVEL = "-Onone";
				SWIFT_VERSION = 5.0;
			};
			name = Debug;
		};
		8F9F4EC028E982D30025930E /* Release */ = {
			isa = XCBuildConfiguration;
			buildSettings = {
				CLANG_ENABLE_MODULES = YES;
				CODE_SIGN_STYLE = Automatic;
				COMBINE_HIDPI_IMAGES = YES;
				CURRENT_PROJECT_VERSION = 1;
				DEFINES_MODULE = YES;
				DYLIB_COMPATIBILITY_VERSION = 1;
				DYLIB_CURRENT_VERSION = 1;
				DYLIB_INSTALL_NAME_BASE = "@rpath";
				GENERATE_INFOPLIST_FILE = YES;
				INFOPLIST_KEY_NSHumanReadableCopyright = "";
				INSTALL_PATH = "$(LOCAL_LIBRARY_DIR)/Frameworks";
				LD_RUNPATH_SEARCH_PATHS = (
					"$(inherited)",
					"@executable_path/../Frameworks",
					"@loader_path/Frameworks",
				);
				MARKETING_VERSION = 1.0;
				PRODUCT_BUNDLE_IDENTIFIER = com.jasonou.EssentialFeed;
				PRODUCT_NAME = "$(TARGET_NAME:c99extidentifier)";
				SKIP_INSTALL = YES;
				SWIFT_EMIT_LOC_STRINGS = YES;
				SWIFT_VERSION = 5.0;
			};
			name = Release;
		};
		8F9F4EC228E982D30025930E /* Debug */ = {
			isa = XCBuildConfiguration;
			buildSettings = {
				ALWAYS_EMBED_SWIFT_STANDARD_LIBRARIES = YES;
				CLANG_ENABLE_MODULES = YES;
				CODE_SIGN_STYLE = Automatic;
				CURRENT_PROJECT_VERSION = 1;
				GENERATE_INFOPLIST_FILE = YES;
				LD_RUNPATH_SEARCH_PATHS = (
					"$(inherited)",
					"@executable_path/../Frameworks",
					"@loader_path/../Frameworks",
				);
				MARKETING_VERSION = 1.0;
				PRODUCT_BUNDLE_IDENTIFIER = com.jasonou.EssentialFeedTests;
				PRODUCT_NAME = "$(TARGET_NAME)";
				SWIFT_EMIT_LOC_STRINGS = NO;
				SWIFT_OPTIMIZATION_LEVEL = "-Onone";
				SWIFT_VERSION = 5.0;
			};
			name = Debug;
		};
		8F9F4EC328E982D30025930E /* Release */ = {
			isa = XCBuildConfiguration;
			buildSettings = {
				ALWAYS_EMBED_SWIFT_STANDARD_LIBRARIES = YES;
				CLANG_ENABLE_MODULES = YES;
				CODE_SIGN_STYLE = Automatic;
				CURRENT_PROJECT_VERSION = 1;
				GENERATE_INFOPLIST_FILE = YES;
				LD_RUNPATH_SEARCH_PATHS = (
					"$(inherited)",
					"@executable_path/../Frameworks",
					"@loader_path/../Frameworks",
				);
				MARKETING_VERSION = 1.0;
				PRODUCT_BUNDLE_IDENTIFIER = com.jasonou.EssentialFeedTests;
				PRODUCT_NAME = "$(TARGET_NAME)";
				SWIFT_EMIT_LOC_STRINGS = NO;
				SWIFT_VERSION = 5.0;
			};
			name = Release;
		};
/* End XCBuildConfiguration section */

/* Begin XCConfigurationList section */
		8F3AFDC1297F718100BDF402 /* Build configuration list for PBXNativeTarget "EssentialFeedAPIEndToEndTests" */ = {
			isa = XCConfigurationList;
			buildConfigurations = (
				8F3AFDBF297F718100BDF402 /* Debug */,
				8F3AFDC0297F718100BDF402 /* Release */,
			);
			defaultConfigurationIsVisible = 0;
			defaultConfigurationName = Release;
		};
		8F9F4EA628E982D30025930E /* Build configuration list for PBXProject "EssentialFeed" */ = {
			isa = XCConfigurationList;
			buildConfigurations = (
				8F9F4EBC28E982D30025930E /* Debug */,
				8F9F4EBD28E982D30025930E /* Release */,
			);
			defaultConfigurationIsVisible = 0;
			defaultConfigurationName = Release;
		};
		8F9F4EBE28E982D30025930E /* Build configuration list for PBXNativeTarget "EssentialFeed" */ = {
			isa = XCConfigurationList;
			buildConfigurations = (
				8F9F4EBF28E982D30025930E /* Debug */,
				8F9F4EC028E982D30025930E /* Release */,
			);
			defaultConfigurationIsVisible = 0;
			defaultConfigurationName = Release;
		};
		8F9F4EC128E982D30025930E /* Build configuration list for PBXNativeTarget "EssentialFeedTests" */ = {
			isa = XCConfigurationList;
			buildConfigurations = (
				8F9F4EC228E982D30025930E /* Debug */,
				8F9F4EC328E982D30025930E /* Release */,
			);
			defaultConfigurationIsVisible = 0;
			defaultConfigurationName = Release;
		};
/* End XCConfigurationList section */
	};
	rootObject = 8F9F4EA328E982D30025930E /* Project object */;
}
