// !$*UTF8*$!
{
	archiveVersion = 1;
	classes = {
	};
	objectVersion = 56;
	objects = {

/* Begin PBXBuildFile section */
		8F9551BE29CEDB910007F165 /* AppDelegate.swift in Sources */ = {isa = PBXBuildFile; fileRef = 8F9551BD29CEDB910007F165 /* AppDelegate.swift */; };
		8F9551C029CEDB910007F165 /* SceneDelegate.swift in Sources */ = {isa = PBXBuildFile; fileRef = 8F9551BF29CEDB910007F165 /* SceneDelegate.swift */; };
		8F9551C729CEDB920007F165 /* Assets.xcassets in Resources */ = {isa = PBXBuildFile; fileRef = 8F9551C629CEDB920007F165 /* Assets.xcassets */; };
		8F9551CA29CEDB920007F165 /* LaunchScreen.storyboard in Resources */ = {isa = PBXBuildFile; fileRef = 8F9551C829CEDB920007F165 /* LaunchScreen.storyboard */; };
		8F95520029CFF2900007F165 /* XCTestCase+MemoryLeakTracking.swift in Sources */ = {isa = PBXBuildFile; fileRef = 8F9551FF29CFF2900007F165 /* XCTestCase+MemoryLeakTracking.swift */; };
		8F95520229CFF3110007F165 /* SharedTestHelpers.swift in Sources */ = {isa = PBXBuildFile; fileRef = 8F95520129CFF3110007F165 /* SharedTestHelpers.swift */; };
		8FBD4FBB29E9A64000D16FBA /* CombineHelpers.swift in Sources */ = {isa = PBXBuildFile; fileRef = 8FBD4FBA29E9A64000D16FBA /* CombineHelpers.swift */; };
		8FBE1CE129DD20ED00743E46 /* FeedImageDataLoaderPresentationAdapter.swift in Sources */ = {isa = PBXBuildFile; fileRef = 8FBE1CDB29DD20ED00743E46 /* FeedImageDataLoaderPresentationAdapter.swift */; };
		8FBE1CE229DD20ED00743E46 /* FeedUIComposer.swift in Sources */ = {isa = PBXBuildFile; fileRef = 8FBE1CDE29DD20ED00743E46 /* FeedUIComposer.swift */; };
		8FBE1CE329DD20ED00743E46 /* FeedLoaderPresentationAdapter.swift in Sources */ = {isa = PBXBuildFile; fileRef = 8FBE1CDC29DD20ED00743E46 /* FeedLoaderPresentationAdapter.swift */; };
		8FBE1CE529DD20ED00743E46 /* FeedViewAdapter.swift in Sources */ = {isa = PBXBuildFile; fileRef = 8FBE1CDD29DD20ED00743E46 /* FeedViewAdapter.swift */; };
		8FBE1CE629DD20ED00743E46 /* WeakRefVirtualProxy.swift in Sources */ = {isa = PBXBuildFile; fileRef = 8FBE1CE029DD20ED00743E46 /* WeakRefVirtualProxy.swift */; };
		8FBE1CF029DD213F00743E46 /* UIControl+TestHelpers.swift in Sources */ = {isa = PBXBuildFile; fileRef = 8FBE1CEB29DD213F00743E46 /* UIControl+TestHelpers.swift */; };
		8FBE1CF129DD213F00743E46 /* FeedImageCell+TestHelpers.swift in Sources */ = {isa = PBXBuildFile; fileRef = 8FBE1CEF29DD213F00743E46 /* FeedImageCell+TestHelpers.swift */; };
		8FBE1CF229DD213F00743E46 /* UIButton+TestHelpers.swift in Sources */ = {isa = PBXBuildFile; fileRef = 8FBE1CE829DD213F00743E46 /* UIButton+TestHelpers.swift */; };
		8FBE1CF329DD213F00743E46 /* FeedViewControllerTests+LoaderSpy.swift in Sources */ = {isa = PBXBuildFile; fileRef = 8FBE1CEA29DD213F00743E46 /* FeedViewControllerTests+LoaderSpy.swift */; };
		8FBE1CF429DD213F00743E46 /* FeedViewController+TestHelpers.swift in Sources */ = {isa = PBXBuildFile; fileRef = 8FBE1CE729DD213F00743E46 /* FeedViewController+TestHelpers.swift */; };
		8FBE1CF529DD213F00743E46 /* UIImage+TestHelpers.swift in Sources */ = {isa = PBXBuildFile; fileRef = 8FBE1CEE29DD213F00743E46 /* UIImage+TestHelpers.swift */; };
		8FBE1CF629DD213F00743E46 /* FeedViewControllerTests+Assertions.swift in Sources */ = {isa = PBXBuildFile; fileRef = 8FBE1CED29DD213F00743E46 /* FeedViewControllerTests+Assertions.swift */; };
		8FBE1CF729DD213F00743E46 /* UIRefreshControl+TestHelpers.swift in Sources */ = {isa = PBXBuildFile; fileRef = 8FBE1CEC29DD213F00743E46 /* UIRefreshControl+TestHelpers.swift */; };
		8FBE1CF829DD213F00743E46 /* FeedUIIntegrationTests+Localization.swift in Sources */ = {isa = PBXBuildFile; fileRef = 8FBE1CE929DD213F00743E46 /* FeedUIIntegrationTests+Localization.swift */; };
		8FBE1CFA29DD217000743E46 /* FeedUIIntegrationTests.swift in Sources */ = {isa = PBXBuildFile; fileRef = 8FBE1CF929DD217000743E46 /* FeedUIIntegrationTests.swift */; };
		8FBE1CFC29DD24C900743E46 /* FeedAcceptanceTests.swift in Sources */ = {isa = PBXBuildFile; fileRef = 8FBE1CFB29DD24C900743E46 /* FeedAcceptanceTests.swift */; };
		8FE629C129DD1B0C00019A41 /* SceneDelegateTests.swift in Sources */ = {isa = PBXBuildFile; fileRef = 8FE629C029DD1B0C00019A41 /* SceneDelegateTests.swift */; };
		8FFD970929DFFAEF000BAD37 /* UIView+TestHelpers.swift in Sources */ = {isa = PBXBuildFile; fileRef = 8FFD970829DFFAEF000BAD37 /* UIView+TestHelpers.swift */; };
		8FFD970A29E00707000BAD37 /* EssentialFeed.framework in Frameworks */ = {isa = PBXBuildFile; fileRef = 8F9551F229CEDD3E0007F165 /* EssentialFeed.framework */; };
		8FFD970B29E00707000BAD37 /* EssentialFeed.framework in Embed Frameworks */ = {isa = PBXBuildFile; fileRef = 8F9551F229CEDD3E0007F165 /* EssentialFeed.framework */; settings = {ATTRIBUTES = (CodeSignOnCopy, RemoveHeadersOnCopy, ); }; };
		8FFD970D29E00709000BAD37 /* EssentialFeediOS.framework in Frameworks */ = {isa = PBXBuildFile; fileRef = 8F9551F429CEDD3E0007F165 /* EssentialFeediOS.framework */; };
		8FFD970E29E00709000BAD37 /* EssentialFeediOS.framework in Embed Frameworks */ = {isa = PBXBuildFile; fileRef = 8F9551F429CEDD3E0007F165 /* EssentialFeediOS.framework */; settings = {ATTRIBUTES = (CodeSignOnCopy, RemoveHeadersOnCopy, ); }; };
/* End PBXBuildFile section */

/* Begin PBXContainerItemProxy section */
		8F9551D129CEDB930007F165 /* PBXContainerItemProxy */ = {
			isa = PBXContainerItemProxy;
			containerPortal = 8F9551B229CEDB910007F165 /* Project object */;
			proxyType = 1;
			remoteGlobalIDString = 8F9551B929CEDB910007F165;
			remoteInfo = EssentialApp;
		};
/* End PBXContainerItemProxy section */

/* Begin PBXCopyFilesBuildPhase section */
		8FFD970C29E00707000BAD37 /* Embed Frameworks */ = {
			isa = PBXCopyFilesBuildPhase;
			buildActionMask = 2147483647;
			dstPath = "";
			dstSubfolderSpec = 10;
			files = (
				8FFD970B29E00707000BAD37 /* EssentialFeed.framework in Embed Frameworks */,
				8FFD970E29E00709000BAD37 /* EssentialFeediOS.framework in Embed Frameworks */,
			);
			name = "Embed Frameworks";
			runOnlyForDeploymentPostprocessing = 0;
		};
/* End PBXCopyFilesBuildPhase section */

/* Begin PBXFileReference section */
		8F9551BA29CEDB910007F165 /* EssentialApp.app */ = {isa = PBXFileReference; explicitFileType = wrapper.application; includeInIndex = 0; path = EssentialApp.app; sourceTree = BUILT_PRODUCTS_DIR; };
		8F9551BD29CEDB910007F165 /* AppDelegate.swift */ = {isa = PBXFileReference; lastKnownFileType = sourcecode.swift; path = AppDelegate.swift; sourceTree = "<group>"; };
		8F9551BF29CEDB910007F165 /* SceneDelegate.swift */ = {isa = PBXFileReference; lastKnownFileType = sourcecode.swift; path = SceneDelegate.swift; sourceTree = "<group>"; };
		8F9551C629CEDB920007F165 /* Assets.xcassets */ = {isa = PBXFileReference; lastKnownFileType = folder.assetcatalog; path = Assets.xcassets; sourceTree = "<group>"; };
		8F9551C929CEDB920007F165 /* Base */ = {isa = PBXFileReference; lastKnownFileType = file.storyboard; name = Base; path = Base.lproj/LaunchScreen.storyboard; sourceTree = "<group>"; };
		8F9551CB29CEDB920007F165 /* Info.plist */ = {isa = PBXFileReference; lastKnownFileType = text.plist.xml; path = Info.plist; sourceTree = "<group>"; };
		8F9551D029CEDB930007F165 /* EssentialAppTests.xctest */ = {isa = PBXFileReference; explicitFileType = wrapper.cfbundle; includeInIndex = 0; path = EssentialAppTests.xctest; sourceTree = BUILT_PRODUCTS_DIR; };
		8F9551EE29CEDCF50007F165 /* EssentialFeed.framework */ = {isa = PBXFileReference; explicitFileType = wrapper.framework; path = EssentialFeed.framework; sourceTree = BUILT_PRODUCTS_DIR; };
		8F9551F029CEDCF50007F165 /* EssentialFeediOS.framework */ = {isa = PBXFileReference; explicitFileType = wrapper.framework; path = EssentialFeediOS.framework; sourceTree = BUILT_PRODUCTS_DIR; };
		8F9551F229CEDD3E0007F165 /* EssentialFeed.framework */ = {isa = PBXFileReference; explicitFileType = wrapper.framework; path = EssentialFeed.framework; sourceTree = BUILT_PRODUCTS_DIR; };
		8F9551F429CEDD3E0007F165 /* EssentialFeediOS.framework */ = {isa = PBXFileReference; explicitFileType = wrapper.framework; path = EssentialFeediOS.framework; sourceTree = BUILT_PRODUCTS_DIR; };
		8F9551FF29CFF2900007F165 /* XCTestCase+MemoryLeakTracking.swift */ = {isa = PBXFileReference; lastKnownFileType = sourcecode.swift; path = "XCTestCase+MemoryLeakTracking.swift"; sourceTree = "<group>"; };
		8F95520129CFF3110007F165 /* SharedTestHelpers.swift */ = {isa = PBXFileReference; lastKnownFileType = sourcecode.swift; path = SharedTestHelpers.swift; sourceTree = "<group>"; };
		8FBD4FBA29E9A64000D16FBA /* CombineHelpers.swift */ = {isa = PBXFileReference; lastKnownFileType = sourcecode.swift; path = CombineHelpers.swift; sourceTree = "<group>"; };
		8FBE1CDB29DD20ED00743E46 /* FeedImageDataLoaderPresentationAdapter.swift */ = {isa = PBXFileReference; lastKnownFileType = sourcecode.swift; path = FeedImageDataLoaderPresentationAdapter.swift; sourceTree = "<group>"; };
		8FBE1CDC29DD20ED00743E46 /* FeedLoaderPresentationAdapter.swift */ = {isa = PBXFileReference; lastKnownFileType = sourcecode.swift; path = FeedLoaderPresentationAdapter.swift; sourceTree = "<group>"; };
		8FBE1CDD29DD20ED00743E46 /* FeedViewAdapter.swift */ = {isa = PBXFileReference; lastKnownFileType = sourcecode.swift; path = FeedViewAdapter.swift; sourceTree = "<group>"; };
		8FBE1CDE29DD20ED00743E46 /* FeedUIComposer.swift */ = {isa = PBXFileReference; lastKnownFileType = sourcecode.swift; path = FeedUIComposer.swift; sourceTree = "<group>"; };
		8FBE1CE029DD20ED00743E46 /* WeakRefVirtualProxy.swift */ = {isa = PBXFileReference; lastKnownFileType = sourcecode.swift; path = WeakRefVirtualProxy.swift; sourceTree = "<group>"; };
		8FBE1CE729DD213F00743E46 /* FeedViewController+TestHelpers.swift */ = {isa = PBXFileReference; lastKnownFileType = sourcecode.swift; path = "FeedViewController+TestHelpers.swift"; sourceTree = "<group>"; };
		8FBE1CE829DD213F00743E46 /* UIButton+TestHelpers.swift */ = {isa = PBXFileReference; lastKnownFileType = sourcecode.swift; path = "UIButton+TestHelpers.swift"; sourceTree = "<group>"; };
		8FBE1CE929DD213F00743E46 /* FeedUIIntegrationTests+Localization.swift */ = {isa = PBXFileReference; lastKnownFileType = sourcecode.swift; path = "FeedUIIntegrationTests+Localization.swift"; sourceTree = "<group>"; };
		8FBE1CEA29DD213F00743E46 /* FeedViewControllerTests+LoaderSpy.swift */ = {isa = PBXFileReference; lastKnownFileType = sourcecode.swift; path = "FeedViewControllerTests+LoaderSpy.swift"; sourceTree = "<group>"; };
		8FBE1CEB29DD213F00743E46 /* UIControl+TestHelpers.swift */ = {isa = PBXFileReference; lastKnownFileType = sourcecode.swift; path = "UIControl+TestHelpers.swift"; sourceTree = "<group>"; };
		8FBE1CEC29DD213F00743E46 /* UIRefreshControl+TestHelpers.swift */ = {isa = PBXFileReference; lastKnownFileType = sourcecode.swift; path = "UIRefreshControl+TestHelpers.swift"; sourceTree = "<group>"; };
		8FBE1CED29DD213F00743E46 /* FeedViewControllerTests+Assertions.swift */ = {isa = PBXFileReference; lastKnownFileType = sourcecode.swift; path = "FeedViewControllerTests+Assertions.swift"; sourceTree = "<group>"; };
		8FBE1CEE29DD213F00743E46 /* UIImage+TestHelpers.swift */ = {isa = PBXFileReference; lastKnownFileType = sourcecode.swift; path = "UIImage+TestHelpers.swift"; sourceTree = "<group>"; };
		8FBE1CEF29DD213F00743E46 /* FeedImageCell+TestHelpers.swift */ = {isa = PBXFileReference; lastKnownFileType = sourcecode.swift; path = "FeedImageCell+TestHelpers.swift"; sourceTree = "<group>"; };
		8FBE1CF929DD217000743E46 /* FeedUIIntegrationTests.swift */ = {isa = PBXFileReference; lastKnownFileType = sourcecode.swift; path = FeedUIIntegrationTests.swift; sourceTree = "<group>"; };
		8FBE1CFB29DD24C900743E46 /* FeedAcceptanceTests.swift */ = {isa = PBXFileReference; lastKnownFileType = sourcecode.swift; path = FeedAcceptanceTests.swift; sourceTree = "<group>"; };
		8FE629C029DD1B0C00019A41 /* SceneDelegateTests.swift */ = {isa = PBXFileReference; lastKnownFileType = sourcecode.swift; path = SceneDelegateTests.swift; sourceTree = "<group>"; };
		8FFD970829DFFAEF000BAD37 /* UIView+TestHelpers.swift */ = {isa = PBXFileReference; lastKnownFileType = sourcecode.swift; path = "UIView+TestHelpers.swift"; sourceTree = "<group>"; };
/* End PBXFileReference section */

/* Begin PBXFrameworksBuildPhase section */
		8F9551B729CEDB910007F165 /* Frameworks */ = {
			isa = PBXFrameworksBuildPhase;
			buildActionMask = 2147483647;
			files = (
				8FFD970A29E00707000BAD37 /* EssentialFeed.framework in Frameworks */,
				8FFD970D29E00709000BAD37 /* EssentialFeediOS.framework in Frameworks */,
			);
			runOnlyForDeploymentPostprocessing = 0;
		};
		8F9551CD29CEDB930007F165 /* Frameworks */ = {
			isa = PBXFrameworksBuildPhase;
			buildActionMask = 2147483647;
			files = (
			);
			runOnlyForDeploymentPostprocessing = 0;
		};
/* End PBXFrameworksBuildPhase section */

/* Begin PBXGroup section */
		8F9551B129CEDB910007F165 = {
			isa = PBXGroup;
			children = (
				8F9551BC29CEDB910007F165 /* EssentialApp */,
				8F9551D329CEDB930007F165 /* EssentialAppTests */,
				8F9551BB29CEDB910007F165 /* Products */,
				8F9551ED29CEDCF50007F165 /* Frameworks */,
			);
			sourceTree = "<group>";
		};
		8F9551BB29CEDB910007F165 /* Products */ = {
			isa = PBXGroup;
			children = (
				8F9551BA29CEDB910007F165 /* EssentialApp.app */,
				8F9551D029CEDB930007F165 /* EssentialAppTests.xctest */,
			);
			name = Products;
			sourceTree = "<group>";
		};
		8F9551BC29CEDB910007F165 /* EssentialApp */ = {
			isa = PBXGroup;
			children = (
				8F9551CB29CEDB920007F165 /* Info.plist */,
				8F9551BD29CEDB910007F165 /* AppDelegate.swift */,
				8F9551BF29CEDB910007F165 /* SceneDelegate.swift */,
				8FBD4FBA29E9A64000D16FBA /* CombineHelpers.swift */,
				8FBE1CDB29DD20ED00743E46 /* FeedImageDataLoaderPresentationAdapter.swift */,
				8FBE1CDC29DD20ED00743E46 /* FeedLoaderPresentationAdapter.swift */,
				8FBE1CDE29DD20ED00743E46 /* FeedUIComposer.swift */,
				8FBE1CDD29DD20ED00743E46 /* FeedViewAdapter.swift */,
				8FBE1CE029DD20ED00743E46 /* WeakRefVirtualProxy.swift */,
				8F9551C629CEDB920007F165 /* Assets.xcassets */,
				8F9551C829CEDB920007F165 /* LaunchScreen.storyboard */,
			);
			path = EssentialApp;
			sourceTree = "<group>";
		};
		8F9551D329CEDB930007F165 /* EssentialAppTests */ = {
			isa = PBXGroup;
			children = (
				8FBE1CFB29DD24C900743E46 /* FeedAcceptanceTests.swift */,
				8FBE1CF929DD217000743E46 /* FeedUIIntegrationTests.swift */,
				8FE629C029DD1B0C00019A41 /* SceneDelegateTests.swift */,
				8F9551FE29CFF1A80007F165 /* Helpers */,
			);
			path = EssentialAppTests;
			sourceTree = "<group>";
		};
		8F9551ED29CEDCF50007F165 /* Frameworks */ = {
			isa = PBXGroup;
			children = (
				8F9551F229CEDD3E0007F165 /* EssentialFeed.framework */,
				8F9551F429CEDD3E0007F165 /* EssentialFeediOS.framework */,
				8F9551EE29CEDCF50007F165 /* EssentialFeed.framework */,
				8F9551F029CEDCF50007F165 /* EssentialFeediOS.framework */,
			);
			name = Frameworks;
			sourceTree = "<group>";
		};
		8F9551FE29CFF1A80007F165 /* Helpers */ = {
			isa = PBXGroup;
			children = (
				8FBE1CEF29DD213F00743E46 /* FeedImageCell+TestHelpers.swift */,
				8FBE1CE929DD213F00743E46 /* FeedUIIntegrationTests+Localization.swift */,
				8FBE1CE729DD213F00743E46 /* FeedViewController+TestHelpers.swift */,
				8FBE1CED29DD213F00743E46 /* FeedViewControllerTests+Assertions.swift */,
				8FBE1CEA29DD213F00743E46 /* FeedViewControllerTests+LoaderSpy.swift */,
				8F95520129CFF3110007F165 /* SharedTestHelpers.swift */,
				8FBE1CE829DD213F00743E46 /* UIButton+TestHelpers.swift */,
				8FBE1CEB29DD213F00743E46 /* UIControl+TestHelpers.swift */,
				8FBE1CEE29DD213F00743E46 /* UIImage+TestHelpers.swift */,
				8FBE1CEC29DD213F00743E46 /* UIRefreshControl+TestHelpers.swift */,
				8FFD970829DFFAEF000BAD37 /* UIView+TestHelpers.swift */,
				8F9551FF29CFF2900007F165 /* XCTestCase+MemoryLeakTracking.swift */,
			);
			path = Helpers;
			sourceTree = "<group>";
		};
/* End PBXGroup section */

/* Begin PBXNativeTarget section */
		8F9551B929CEDB910007F165 /* EssentialApp */ = {
			isa = PBXNativeTarget;
			buildConfigurationList = 8F9551E429CEDB930007F165 /* Build configuration list for PBXNativeTarget "EssentialApp" */;
			buildPhases = (
				8F9551B629CEDB910007F165 /* Sources */,
				8F9551B729CEDB910007F165 /* Frameworks */,
				8F9551B829CEDB910007F165 /* Resources */,
				8FFD970C29E00707000BAD37 /* Embed Frameworks */,
			);
			buildRules = (
			);
			dependencies = (
			);
			name = EssentialApp;
			productName = EssentialApp;
			productReference = 8F9551BA29CEDB910007F165 /* EssentialApp.app */;
			productType = "com.apple.product-type.application";
		};
		8F9551CF29CEDB930007F165 /* EssentialAppTests */ = {
			isa = PBXNativeTarget;
			buildConfigurationList = 8F9551E729CEDB930007F165 /* Build configuration list for PBXNativeTarget "EssentialAppTests" */;
			buildPhases = (
				8F9551CC29CEDB930007F165 /* Sources */,
				8F9551CD29CEDB930007F165 /* Frameworks */,
				8F9551CE29CEDB930007F165 /* Resources */,
			);
			buildRules = (
			);
			dependencies = (
				8F9551D229CEDB930007F165 /* PBXTargetDependency */,
			);
			name = EssentialAppTests;
			productName = EssentialAppTests;
			productReference = 8F9551D029CEDB930007F165 /* EssentialAppTests.xctest */;
			productType = "com.apple.product-type.bundle.unit-test";
		};
/* End PBXNativeTarget section */

/* Begin PBXProject section */
		8F9551B229CEDB910007F165 /* Project object */ = {
			isa = PBXProject;
			attributes = {
				BuildIndependentTargetsInParallel = 1;
				LastSwiftUpdateCheck = 1420;
				LastUpgradeCheck = 1420;
				TargetAttributes = {
					8F9551B929CEDB910007F165 = {
						CreatedOnToolsVersion = 14.2;
					};
					8F9551CF29CEDB930007F165 = {
						CreatedOnToolsVersion = 14.2;
						LastSwiftMigration = 1420;
						TestTargetID = 8F9551B929CEDB910007F165;
					};
				};
			};
			buildConfigurationList = 8F9551B529CEDB910007F165 /* Build configuration list for PBXProject "EssentialApp" */;
			compatibilityVersion = "Xcode 14.0";
			developmentRegion = en;
			hasScannedForEncodings = 0;
			knownRegions = (
				en,
				Base,
			);
			mainGroup = 8F9551B129CEDB910007F165;
			productRefGroup = 8F9551BB29CEDB910007F165 /* Products */;
			projectDirPath = "";
			projectRoot = "";
			targets = (
				8F9551B929CEDB910007F165 /* EssentialApp */,
				8F9551CF29CEDB930007F165 /* EssentialAppTests */,
			);
		};
/* End PBXProject section */

/* Begin PBXResourcesBuildPhase section */
		8F9551B829CEDB910007F165 /* Resources */ = {
			isa = PBXResourcesBuildPhase;
			buildActionMask = 2147483647;
			files = (
				8F9551CA29CEDB920007F165 /* LaunchScreen.storyboard in Resources */,
				8F9551C729CEDB920007F165 /* Assets.xcassets in Resources */,
			);
			runOnlyForDeploymentPostprocessing = 0;
		};
		8F9551CE29CEDB930007F165 /* Resources */ = {
			isa = PBXResourcesBuildPhase;
			buildActionMask = 2147483647;
			files = (
			);
			runOnlyForDeploymentPostprocessing = 0;
		};
/* End PBXResourcesBuildPhase section */

/* Begin PBXSourcesBuildPhase section */
		8F9551B629CEDB910007F165 /* Sources */ = {
			isa = PBXSourcesBuildPhase;
			buildActionMask = 2147483647;
			files = (
				8F9551BE29CEDB910007F165 /* AppDelegate.swift in Sources */,
				8FBE1CE229DD20ED00743E46 /* FeedUIComposer.swift in Sources */,
				8FBE1CE529DD20ED00743E46 /* FeedViewAdapter.swift in Sources */,
				8F9551C029CEDB910007F165 /* SceneDelegate.swift in Sources */,
				8FBE1CE329DD20ED00743E46 /* FeedLoaderPresentationAdapter.swift in Sources */,
				8FBE1CE129DD20ED00743E46 /* FeedImageDataLoaderPresentationAdapter.swift in Sources */,
				8FBE1CE629DD20ED00743E46 /* WeakRefVirtualProxy.swift in Sources */,
				8FBD4FBB29E9A64000D16FBA /* CombineHelpers.swift in Sources */,
			);
			runOnlyForDeploymentPostprocessing = 0;
		};
		8F9551CC29CEDB930007F165 /* Sources */ = {
			isa = PBXSourcesBuildPhase;
			buildActionMask = 2147483647;
			files = (
				8FBE1CF429DD213F00743E46 /* FeedViewController+TestHelpers.swift in Sources */,
				8F95520229CFF3110007F165 /* SharedTestHelpers.swift in Sources */,
				8FBE1CF629DD213F00743E46 /* FeedViewControllerTests+Assertions.swift in Sources */,
				8FBE1CF029DD213F00743E46 /* UIControl+TestHelpers.swift in Sources */,
				8FE629C129DD1B0C00019A41 /* SceneDelegateTests.swift in Sources */,
				8FBE1CF829DD213F00743E46 /* FeedUIIntegrationTests+Localization.swift in Sources */,
				8FBE1CF329DD213F00743E46 /* FeedViewControllerTests+LoaderSpy.swift in Sources */,
				8FBE1CF529DD213F00743E46 /* UIImage+TestHelpers.swift in Sources */,
				8FBE1CF129DD213F00743E46 /* FeedImageCell+TestHelpers.swift in Sources */,
				8FBE1CF729DD213F00743E46 /* UIRefreshControl+TestHelpers.swift in Sources */,
				8FBE1CF229DD213F00743E46 /* UIButton+TestHelpers.swift in Sources */,
				8FFD970929DFFAEF000BAD37 /* UIView+TestHelpers.swift in Sources */,
				8FBE1CFC29DD24C900743E46 /* FeedAcceptanceTests.swift in Sources */,
				8FBE1CFA29DD217000743E46 /* FeedUIIntegrationTests.swift in Sources */,
				8F95520029CFF2900007F165 /* XCTestCase+MemoryLeakTracking.swift in Sources */,
			);
			runOnlyForDeploymentPostprocessing = 0;
		};
/* End PBXSourcesBuildPhase section */

/* Begin PBXTargetDependency section */
		8F9551D229CEDB930007F165 /* PBXTargetDependency */ = {
			isa = PBXTargetDependency;
			target = 8F9551B929CEDB910007F165 /* EssentialApp */;
			targetProxy = 8F9551D129CEDB930007F165 /* PBXContainerItemProxy */;
		};
/* End PBXTargetDependency section */

/* Begin PBXVariantGroup section */
		8F9551C829CEDB920007F165 /* LaunchScreen.storyboard */ = {
			isa = PBXVariantGroup;
			children = (
				8F9551C929CEDB920007F165 /* Base */,
			);
			name = LaunchScreen.storyboard;
			sourceTree = "<group>";
		};
/* End PBXVariantGroup section */

/* Begin XCBuildConfiguration section */
		8F9551E229CEDB930007F165 /* Debug */ = {
			isa = XCBuildConfiguration;
			buildSettings = {
				ALWAYS_SEARCH_USER_PATHS = NO;
				CLANG_ANALYZER_NONNULL = YES;
				CLANG_ANALYZER_NUMBER_OBJECT_CONVERSION = YES_AGGRESSIVE;
				CLANG_CXX_LANGUAGE_STANDARD = "gnu++20";
				CLANG_ENABLE_MODULES = YES;
				CLANG_ENABLE_OBJC_ARC = YES;
				CLANG_ENABLE_OBJC_WEAK = YES;
				CLANG_WARN_BLOCK_CAPTURE_AUTORELEASING = YES;
				CLANG_WARN_BOOL_CONVERSION = YES;
				CLANG_WARN_COMMA = YES;
				CLANG_WARN_CONSTANT_CONVERSION = YES;
				CLANG_WARN_DEPRECATED_OBJC_IMPLEMENTATIONS = YES;
				CLANG_WARN_DIRECT_OBJC_ISA_USAGE = YES_ERROR;
				CLANG_WARN_DOCUMENTATION_COMMENTS = YES;
				CLANG_WARN_EMPTY_BODY = YES;
				CLANG_WARN_ENUM_CONVERSION = YES;
				CLANG_WARN_INFINITE_RECURSION = YES;
				CLANG_WARN_INT_CONVERSION = YES;
				CLANG_WARN_NON_LITERAL_NULL_CONVERSION = YES;
				CLANG_WARN_OBJC_IMPLICIT_RETAIN_SELF = YES;
				CLANG_WARN_OBJC_LITERAL_CONVERSION = YES;
				CLANG_WARN_OBJC_ROOT_CLASS = YES_ERROR;
				CLANG_WARN_QUOTED_INCLUDE_IN_FRAMEWORK_HEADER = YES;
				CLANG_WARN_RANGE_LOOP_ANALYSIS = YES;
				CLANG_WARN_STRICT_PROTOTYPES = YES;
				CLANG_WARN_SUSPICIOUS_MOVE = YES;
				CLANG_WARN_UNGUARDED_AVAILABILITY = YES_AGGRESSIVE;
				CLANG_WARN_UNREACHABLE_CODE = YES;
				CLANG_WARN__DUPLICATE_METHOD_MATCH = YES;
				COPY_PHASE_STRIP = NO;
				DEBUG_INFORMATION_FORMAT = dwarf;
				ENABLE_STRICT_OBJC_MSGSEND = YES;
				ENABLE_TESTABILITY = YES;
				GCC_C_LANGUAGE_STANDARD = gnu11;
				GCC_DYNAMIC_NO_PIC = NO;
				GCC_NO_COMMON_BLOCKS = YES;
				GCC_OPTIMIZATION_LEVEL = 0;
				GCC_PREPROCESSOR_DEFINITIONS = (
					"DEBUG=1",
					"$(inherited)",
				);
				GCC_WARN_64_TO_32_BIT_CONVERSION = YES;
				GCC_WARN_ABOUT_RETURN_TYPE = YES_ERROR;
				GCC_WARN_UNDECLARED_SELECTOR = YES;
				GCC_WARN_UNINITIALIZED_AUTOS = YES_AGGRESSIVE;
				GCC_WARN_UNUSED_FUNCTION = YES;
				GCC_WARN_UNUSED_VARIABLE = YES;
				IPHONEOS_DEPLOYMENT_TARGET = 13.0;
				MTL_ENABLE_DEBUG_INFO = INCLUDE_SOURCE;
				MTL_FAST_MATH = YES;
				ONLY_ACTIVE_ARCH = YES;
				SDKROOT = iphoneos;
				SWIFT_ACTIVE_COMPILATION_CONDITIONS = DEBUG;
				SWIFT_OPTIMIZATION_LEVEL = "-Onone";
			};
			name = Debug;
		};
		8F9551E329CEDB930007F165 /* Release */ = {
			isa = XCBuildConfiguration;
			buildSettings = {
				ALWAYS_SEARCH_USER_PATHS = NO;
				CLANG_ANALYZER_NONNULL = YES;
				CLANG_ANALYZER_NUMBER_OBJECT_CONVERSION = YES_AGGRESSIVE;
				CLANG_CXX_LANGUAGE_STANDARD = "gnu++20";
				CLANG_ENABLE_MODULES = YES;
				CLANG_ENABLE_OBJC_ARC = YES;
				CLANG_ENABLE_OBJC_WEAK = YES;
				CLANG_WARN_BLOCK_CAPTURE_AUTORELEASING = YES;
				CLANG_WARN_BOOL_CONVERSION = YES;
				CLANG_WARN_COMMA = YES;
				CLANG_WARN_CONSTANT_CONVERSION = YES;
				CLANG_WARN_DEPRECATED_OBJC_IMPLEMENTATIONS = YES;
				CLANG_WARN_DIRECT_OBJC_ISA_USAGE = YES_ERROR;
				CLANG_WARN_DOCUMENTATION_COMMENTS = YES;
				CLANG_WARN_EMPTY_BODY = YES;
				CLANG_WARN_ENUM_CONVERSION = YES;
				CLANG_WARN_INFINITE_RECURSION = YES;
				CLANG_WARN_INT_CONVERSION = YES;
				CLANG_WARN_NON_LITERAL_NULL_CONVERSION = YES;
				CLANG_WARN_OBJC_IMPLICIT_RETAIN_SELF = YES;
				CLANG_WARN_OBJC_LITERAL_CONVERSION = YES;
				CLANG_WARN_OBJC_ROOT_CLASS = YES_ERROR;
				CLANG_WARN_QUOTED_INCLUDE_IN_FRAMEWORK_HEADER = YES;
				CLANG_WARN_RANGE_LOOP_ANALYSIS = YES;
				CLANG_WARN_STRICT_PROTOTYPES = YES;
				CLANG_WARN_SUSPICIOUS_MOVE = YES;
				CLANG_WARN_UNGUARDED_AVAILABILITY = YES_AGGRESSIVE;
				CLANG_WARN_UNREACHABLE_CODE = YES;
				CLANG_WARN__DUPLICATE_METHOD_MATCH = YES;
				COPY_PHASE_STRIP = NO;
				DEBUG_INFORMATION_FORMAT = "dwarf-with-dsym";
				ENABLE_NS_ASSERTIONS = NO;
				ENABLE_STRICT_OBJC_MSGSEND = YES;
				GCC_C_LANGUAGE_STANDARD = gnu11;
				GCC_NO_COMMON_BLOCKS = YES;
				GCC_WARN_64_TO_32_BIT_CONVERSION = YES;
				GCC_WARN_ABOUT_RETURN_TYPE = YES_ERROR;
				GCC_WARN_UNDECLARED_SELECTOR = YES;
				GCC_WARN_UNINITIALIZED_AUTOS = YES_AGGRESSIVE;
				GCC_WARN_UNUSED_FUNCTION = YES;
				GCC_WARN_UNUSED_VARIABLE = YES;
				IPHONEOS_DEPLOYMENT_TARGET = 13.0;
				MTL_ENABLE_DEBUG_INFO = NO;
				MTL_FAST_MATH = YES;
				SDKROOT = iphoneos;
				SWIFT_COMPILATION_MODE = wholemodule;
				SWIFT_OPTIMIZATION_LEVEL = "-O";
				VALIDATE_PRODUCT = YES;
			};
			name = Release;
		};
		8F9551E529CEDB930007F165 /* Debug */ = {
			isa = XCBuildConfiguration;
			buildSettings = {
				ASSETCATALOG_COMPILER_APPICON_NAME = AppIcon;
				ASSETCATALOG_COMPILER_GLOBAL_ACCENT_COLOR_NAME = AccentColor;
				CODE_SIGN_STYLE = Automatic;
				CURRENT_PROJECT_VERSION = 1;
				DEVELOPMENT_TEAM = "";
				GENERATE_INFOPLIST_FILE = YES;
				INFOPLIST_FILE = EssentialApp/Info.plist;
				INFOPLIST_KEY_UIApplicationSupportsIndirectInputEvents = YES;
				INFOPLIST_KEY_UILaunchStoryboardName = "";
				INFOPLIST_KEY_UIMainStoryboardFile = "";
				INFOPLIST_KEY_UISupportedInterfaceOrientations = UIInterfaceOrientationPortrait;
				LD_RUNPATH_SEARCH_PATHS = (
					"$(inherited)",
					"@executable_path/Frameworks",
				);
				MARKETING_VERSION = 1.0;
				PRODUCT_BUNDLE_IDENTIFIER = com.jasonou.EssentialApp;
				PRODUCT_NAME = "$(TARGET_NAME)";
				SUPPORTED_PLATFORMS = "iphoneos iphonesimulator";
				SUPPORTS_MACCATALYST = NO;
				SUPPORTS_MAC_DESIGNED_FOR_IPHONE_IPAD = NO;
				SWIFT_EMIT_LOC_STRINGS = YES;
				SWIFT_VERSION = 5.0;
				TARGETED_DEVICE_FAMILY = "1,2";
			};
			name = Debug;
		};
		8F9551E629CEDB930007F165 /* Release */ = {
			isa = XCBuildConfiguration;
			buildSettings = {
				ASSETCATALOG_COMPILER_APPICON_NAME = AppIcon;
				ASSETCATALOG_COMPILER_GLOBAL_ACCENT_COLOR_NAME = AccentColor;
				CODE_SIGN_STYLE = Automatic;
				CURRENT_PROJECT_VERSION = 1;
				DEVELOPMENT_TEAM = "";
				GENERATE_INFOPLIST_FILE = YES;
				INFOPLIST_FILE = EssentialApp/Info.plist;
				INFOPLIST_KEY_UIApplicationSupportsIndirectInputEvents = YES;
				INFOPLIST_KEY_UILaunchStoryboardName = "";
				INFOPLIST_KEY_UIMainStoryboardFile = "";
				INFOPLIST_KEY_UISupportedInterfaceOrientations = UIInterfaceOrientationPortrait;
				LD_RUNPATH_SEARCH_PATHS = (
					"$(inherited)",
					"@executable_path/Frameworks",
				);
				MARKETING_VERSION = 1.0;
				PRODUCT_BUNDLE_IDENTIFIER = com.jasonou.EssentialApp;
				PRODUCT_NAME = "$(TARGET_NAME)";
				SUPPORTED_PLATFORMS = "iphoneos iphonesimulator";
				SUPPORTS_MACCATALYST = NO;
				SUPPORTS_MAC_DESIGNED_FOR_IPHONE_IPAD = NO;
				SWIFT_EMIT_LOC_STRINGS = YES;
				SWIFT_VERSION = 5.0;
				TARGETED_DEVICE_FAMILY = "1,2";
			};
			name = Release;
		};
		8F9551E829CEDB930007F165 /* Debug */ = {
			isa = XCBuildConfiguration;
			buildSettings = {
				ALWAYS_EMBED_SWIFT_STANDARD_LIBRARIES = YES;
				BUNDLE_LOADER = "$(TEST_HOST)";
				CLANG_ENABLE_MODULES = YES;
				CODE_SIGN_STYLE = Automatic;
				CURRENT_PROJECT_VERSION = 1;
				DEVELOPMENT_TEAM = "";
				GENERATE_INFOPLIST_FILE = YES;
				IPHONEOS_DEPLOYMENT_TARGET = 13.0;
				LD_RUNPATH_SEARCH_PATHS = (
					"$(inherited)",
					"@executable_path/Frameworks",
					"@loader_path/Frameworks",
				);
				MARKETING_VERSION = 1.0;
				PRODUCT_BUNDLE_IDENTIFIER = com.jasonou.EssentialAppTests;
				PRODUCT_NAME = "$(TARGET_NAME)";
				SUPPORTED_PLATFORMS = "iphoneos iphonesimulator";
				SUPPORTS_MACCATALYST = NO;
				SUPPORTS_MAC_DESIGNED_FOR_IPHONE_IPAD = NO;
				SWIFT_EMIT_LOC_STRINGS = NO;
				SWIFT_OPTIMIZATION_LEVEL = "-Onone";
				SWIFT_VERSION = 5.0;
				TARGETED_DEVICE_FAMILY = "1,2";
				TEST_HOST = "$(BUILT_PRODUCTS_DIR)/EssentialApp.app/$(BUNDLE_EXECUTABLE_FOLDER_PATH)/EssentialApp";
			};
			name = Debug;
		};
		8F9551E929CEDB930007F165 /* Release */ = {
			isa = XCBuildConfiguration;
			buildSettings = {
				ALWAYS_EMBED_SWIFT_STANDARD_LIBRARIES = YES;
				BUNDLE_LOADER = "$(TEST_HOST)";
				CLANG_ENABLE_MODULES = YES;
				CODE_SIGN_STYLE = Automatic;
				CURRENT_PROJECT_VERSION = 1;
				DEVELOPMENT_TEAM = "";
				GENERATE_INFOPLIST_FILE = YES;
				IPHONEOS_DEPLOYMENT_TARGET = 13.0;
				LD_RUNPATH_SEARCH_PATHS = (
					"$(inherited)",
					"@executable_path/Frameworks",
					"@loader_path/Frameworks",
				);
				MARKETING_VERSION = 1.0;
				PRODUCT_BUNDLE_IDENTIFIER = com.jasonou.EssentialAppTests;
				PRODUCT_NAME = "$(TARGET_NAME)";
				SUPPORTED_PLATFORMS = "iphoneos iphonesimulator";
				SUPPORTS_MACCATALYST = NO;
				SUPPORTS_MAC_DESIGNED_FOR_IPHONE_IPAD = NO;
				SWIFT_EMIT_LOC_STRINGS = NO;
				SWIFT_VERSION = 5.0;
				TARGETED_DEVICE_FAMILY = "1,2";
				TEST_HOST = "$(BUILT_PRODUCTS_DIR)/EssentialApp.app/$(BUNDLE_EXECUTABLE_FOLDER_PATH)/EssentialApp";
			};
			name = Release;
		};
/* End XCBuildConfiguration section */

/* Begin XCConfigurationList section */
		8F9551B529CEDB910007F165 /* Build configuration list for PBXProject "EssentialApp" */ = {
			isa = XCConfigurationList;
			buildConfigurations = (
				8F9551E229CEDB930007F165 /* Debug */,
				8F9551E329CEDB930007F165 /* Release */,
			);
			defaultConfigurationIsVisible = 0;
			defaultConfigurationName = Release;
		};
		8F9551E429CEDB930007F165 /* Build configuration list for PBXNativeTarget "EssentialApp" */ = {
			isa = XCConfigurationList;
			buildConfigurations = (
				8F9551E529CEDB930007F165 /* Debug */,
				8F9551E629CEDB930007F165 /* Release */,
			);
			defaultConfigurationIsVisible = 0;
			defaultConfigurationName = Release;
		};
		8F9551E729CEDB930007F165 /* Build configuration list for PBXNativeTarget "EssentialAppTests" */ = {
			isa = XCConfigurationList;
			buildConfigurations = (
				8F9551E829CEDB930007F165 /* Debug */,
				8F9551E929CEDB930007F165 /* Release */,
			);
			defaultConfigurationIsVisible = 0;
			defaultConfigurationName = Release;
		};
/* End XCConfigurationList section */
	};
	rootObject = 8F9551B229CEDB910007F165 /* Project object */;
}
